
Microsoft Visual Studio Solution File, Format Version 12.00
# Visual Studio 15
VisualStudioVersion = 15.0.26730.12
MinimumVisualStudioVersion = 10.0.40219.1
Project("{FAE04EC0-301F-11D3-BF4B-00C04F79EFBC}") = "LSP.servicehost", "LSP.servicehost\LSP.servicehost.csproj", "{FB39B68F-7472-4694-AC40-3CA398F5552E}"
EndProject
Project("{FAE04EC0-301F-11D3-BF4B-00C04F79EFBC}") = "LSP.service", "LSP.service\LSP.service.csproj", "{64260F48-7386-406A-A4D1-593C4067C7E7}"
EndProject
Project("{FAE04EC0-301F-11D3-BF4B-00C04F79EFBC}") = "LSP-Admin", "LSP-Admin\LSP-Admin.csproj", "{8CB6E3F1-559C-4C7F-AFA0-C65EC678AC92}"
EndProject
Project("{9A19103F-16F7-4668-BE54-9A1E7A4F7556}") = "LSP.models", "LSP.models\LSP.models.csproj", "{AD545909-4DE9-410D-B533-A44160E75A5D}"
EndProject
Project("{9A19103F-16F7-4668-BE54-9A1E7A4F7556}") = "LSP.bll", "LSP.bll\LSP.bll.csproj", "{1C5A6381-142C-4B5E-9DB5-E2C6630E11C7}"
	ProjectSection(ProjectDependencies) = postProject
		{72E04551-CE31-4EB5-AFAF-C2F9F78E4132} = {72E04551-CE31-4EB5-AFAF-C2F9F78E4132}
	EndProjectSection
EndProject
Project("{9A19103F-16F7-4668-BE54-9A1E7A4F7556}") = "LSP.db", "LSP.db\LSP.db.csproj", "{72E04551-CE31-4EB5-AFAF-C2F9F78E4132}"
	ProjectSection(ProjectDependencies) = postProject
		{AD545909-4DE9-410D-B533-A44160E75A5D} = {AD545909-4DE9-410D-B533-A44160E75A5D}
	EndProjectSection
EndProject
Global
	GlobalSection(SolutionConfigurationPlatforms) = preSolution
		Debug|Any CPU = Debug|Any CPU
		Release|Any CPU = Release|Any CPU
	EndGlobalSection
	GlobalSection(ProjectConfigurationPlatforms) = postSolution
		{FB39B68F-7472-4694-AC40-3CA398F5552E}.Debug|Any CPU.ActiveCfg = Debug|Any CPU
		{FB39B68F-7472-4694-AC40-3CA398F5552E}.Debug|Any CPU.Build.0 = Debug|Any CPU
		{FB39B68F-7472-4694-AC40-3CA398F5552E}.Release|Any CPU.ActiveCfg = Release|Any CPU
		{FB39B68F-7472-4694-AC40-3CA398F5552E}.Release|Any CPU.Build.0 = Release|Any CPU
		{64260F48-7386-406A-A4D1-593C4067C7E7}.Debug|Any CPU.ActiveCfg = Debug|Any CPU
		{64260F48-7386-406A-A4D1-593C4067C7E7}.Debug|Any CPU.Build.0 = Debug|Any CPU
		{64260F48-7386-406A-A4D1-593C4067C7E7}.Release|Any CPU.ActiveCfg = Release|Any CPU
		{64260F48-7386-406A-A4D1-593C4067C7E7}.Release|Any CPU.Build.0 = Release|Any CPU
		{8CB6E3F1-559C-4C7F-AFA0-C65EC678AC92}.Debug|Any CPU.ActiveCfg = Debug|Any CPU
		{8CB6E3F1-559C-4C7F-AFA0-C65EC678AC92}.Debug|Any CPU.Build.0 = Debug|Any CPU
		{8CB6E3F1-559C-4C7F-AFA0-C65EC678AC92}.Release|Any CPU.ActiveCfg = Release|Any CPU
		{8CB6E3F1-559C-4C7F-AFA0-C65EC678AC92}.Release|Any CPU.Build.0 = Release|Any CPU
		{AD545909-4DE9-410D-B533-A44160E75A5D}.Debug|Any CPU.ActiveCfg = Debug|Any CPU
		{AD545909-4DE9-410D-B533-A44160E75A5D}.Debug|Any CPU.Build.0 = Debug|Any CPU
		{AD545909-4DE9-410D-B533-A44160E75A5D}.Release|Any CPU.ActiveCfg = Release|Any CPU
		{AD545909-4DE9-410D-B533-A44160E75A5D}.Release|Any CPU.Build.0 = Release|Any CPU
		{1C5A6381-142C-4B5E-9DB5-E2C6630E11C7}.Debug|Any CPU.ActiveCfg = Debug|Any CPU
		{1C5A6381-142C-4B5E-9DB5-E2C6630E11C7}.Debug|Any CPU.Build.0 = Debug|Any CPU
		{1C5A6381-142C-4B5E-9DB5-E2C6630E11C7}.Release|Any CPU.ActiveCfg = Release|Any CPU
		{1C5A6381-142C-4B5E-9DB5-E2C6630E11C7}.Release|Any CPU.Build.0 = Release|Any CPU
		{72E04551-CE31-4EB5-AFAF-C2F9F78E4132}.Debug|Any CPU.ActiveCfg = Debug|Any CPU
		{72E04551-CE31-4EB5-AFAF-C2F9F78E4132}.Debug|Any CPU.Build.0 = Debug|Any CPU
		{72E04551-CE31-4EB5-AFAF-C2F9F78E4132}.Release|Any CPU.ActiveCfg = Release|Any CPU
		{72E04551-CE31-4EB5-AFAF-C2F9F78E4132}.Release|Any CPU.Build.0 = Release|Any CPU
	EndGlobalSection
	GlobalSection(SolutionProperties) = preSolution
		HideSolutionNode = FALSE
	EndGlobalSection
	GlobalSection(ExtensibilityGlobals) = postSolution
		SolutionGuid = {219AEF58-C278-4493-846E-86FF8F9F780B}
	EndGlobalSection
EndGlobal
